
Microsoft Visual Studio Solution File, Format Version 12.00
# Visual Studio 14
VisualStudioVersion = 14.0.23107.0
MinimumVisualStudioVersion = 10.0.40219.1
Project("{2150E333-8FDC-42A3-9474-1A3956D46DE8}") = "Tests", "Tests", "{0E8FD022-D2BB-486B-8C9C-51C3D6861EE3}"
EndProject
Project("{FAE04EC0-301F-11D3-BF4B-00C04F79EFBC}") = "Code.Katas.Codility", "src\Code.Katas.Codility\Code.Katas.Codility.csproj", "{A83B947C-85EC-4878-813E-20CA7AB28D4E}"
EndProject
Project("{FAE04EC0-301F-11D3-BF4B-00C04F79EFBC}") = "Code.Katas.Codility.Tests", "tests\Code.Katas.Codility.Tests\Code.Katas.Codility.Tests.csproj", "{19D6EF27-3E34-4AA5-957E-0395A83EE8CE}"
EndProject
Project("{FAE04EC0-301F-11D3-BF4B-00C04F79EFBC}") = "Code.Katas.ConsoleApp", "src\Code.Katas.ConsoleApp\Code.Katas.ConsoleApp.csproj", "{415E3DCF-83F3-4F0B-9D9E-2C304D3B0E8A}"
EndProject
Global
	GlobalSection(SolutionConfigurationPlatforms) = preSolution
		Debug|Any CPU = Debug|Any CPU
		Release|Any CPU = Release|Any CPU
	EndGlobalSection
	GlobalSection(ProjectConfigurationPlatforms) = postSolution
		{A83B947C-85EC-4878-813E-20CA7AB28D4E}.Debug|Any CPU.ActiveCfg = Debug|Any CPU
		{A83B947C-85EC-4878-813E-20CA7AB28D4E}.Debug|Any CPU.Build.0 = Debug|Any CPU
		{A83B947C-85EC-4878-813E-20CA7AB28D4E}.Release|Any CPU.ActiveCfg = Release|Any CPU
		{A83B947C-85EC-4878-813E-20CA7AB28D4E}.Release|Any CPU.Build.0 = Release|Any CPU
		{19D6EF27-3E34-4AA5-957E-0395A83EE8CE}.Debug|Any CPU.ActiveCfg = Debug|Any CPU
		{19D6EF27-3E34-4AA5-957E-0395A83EE8CE}.Debug|Any CPU.Build.0 = Debug|Any CPU
		{19D6EF27-3E34-4AA5-957E-0395A83EE8CE}.Release|Any CPU.ActiveCfg = Release|Any CPU
		{19D6EF27-3E34-4AA5-957E-0395A83EE8CE}.Release|Any CPU.Build.0 = Release|Any CPU
		{415E3DCF-83F3-4F0B-9D9E-2C304D3B0E8A}.Debug|Any CPU.ActiveCfg = Debug|Any CPU
		{415E3DCF-83F3-4F0B-9D9E-2C304D3B0E8A}.Debug|Any CPU.Build.0 = Debug|Any CPU
		{415E3DCF-83F3-4F0B-9D9E-2C304D3B0E8A}.Release|Any CPU.ActiveCfg = Release|Any CPU
		{415E3DCF-83F3-4F0B-9D9E-2C304D3B0E8A}.Release|Any CPU.Build.0 = Release|Any CPU
	EndGlobalSection
	GlobalSection(SolutionProperties) = preSolution
		HideSolutionNode = FALSE
	EndGlobalSection
	GlobalSection(NestedProjects) = preSolution
		{19D6EF27-3E34-4AA5-957E-0395A83EE8CE} = {0E8FD022-D2BB-486B-8C9C-51C3D6861EE3}
	EndGlobalSection
EndGlobal
